
Microsoft Visual Studio Solution File, Format Version 12.00
# Visual Studio Version 16
VisualStudioVersion = 16.0.31005.135
MinimumVisualStudioVersion = 10.0.40219.1
Project("{2150E333-8FDC-42A3-9474-1A3956D46DE8}") = "src", "src", "{32FAE83A-B602-430A-A520-7EE40CCCF372}"
EndProject
Project("{9A19103F-16F7-4668-BE54-9A1E7A4F7556}") = "Domain", "Domain\Domain.csproj", "{CE8897DF-32CF-435B-A8DD-9DCADBFE9B00}"
EndProject
Project("{9A19103F-16F7-4668-BE54-9A1E7A4F7556}") = "Infrastructure", "Infrastructure\Infrastructure.csproj", "{3F79C2B7-A578-4A4F-937E-2F105A3065E1}"
EndProject
Project("{FAE04EC0-301F-11D3-BF4B-00C04F79EFBC}") = "Application", "Application\Application.csproj", "{89208FAA-136A-42FA-9F93-9C7818C8F0F5}"
EndProject
Project("{FAE04EC0-301F-11D3-BF4B-00C04F79EFBC}") = "WebAPI", "WebAPI\WebAPI.csproj", "{4ABCB26D-4CE3-4F6D-83CD-4B8B66B9A296}"
EndProject
Global
	GlobalSection(SolutionConfigurationPlatforms) = preSolution
		Debug|Any CPU = Debug|Any CPU
		Release|Any CPU = Release|Any CPU
	EndGlobalSection
	GlobalSection(ProjectConfigurationPlatforms) = postSolution
		{CE8897DF-32CF-435B-A8DD-9DCADBFE9B00}.Debug|Any CPU.ActiveCfg = Debug|Any CPU
		{CE8897DF-32CF-435B-A8DD-9DCADBFE9B00}.Debug|Any CPU.Build.0 = Debug|Any CPU
		{CE8897DF-32CF-435B-A8DD-9DCADBFE9B00}.Release|Any CPU.ActiveCfg = Release|Any CPU
		{CE8897DF-32CF-435B-A8DD-9DCADBFE9B00}.Release|Any CPU.Build.0 = Release|Any CPU
		{3F79C2B7-A578-4A4F-937E-2F105A3065E1}.Debug|Any CPU.ActiveCfg = Debug|Any CPU
		{3F79C2B7-A578-4A4F-937E-2F105A3065E1}.Debug|Any CPU.Build.0 = Debug|Any CPU
		{3F79C2B7-A578-4A4F-937E-2F105A3065E1}.Release|Any CPU.ActiveCfg = Release|Any CPU
		{3F79C2B7-A578-4A4F-937E-2F105A3065E1}.Release|Any CPU.Build.0 = Release|Any CPU
		{89208FAA-136A-42FA-9F93-9C7818C8F0F5}.Debug|Any CPU.ActiveCfg = Debug|Any CPU
		{89208FAA-136A-42FA-9F93-9C7818C8F0F5}.Debug|Any CPU.Build.0 = Debug|Any CPU
		{89208FAA-136A-42FA-9F93-9C7818C8F0F5}.Release|Any CPU.ActiveCfg = Release|Any CPU
		{89208FAA-136A-42FA-9F93-9C7818C8F0F5}.Release|Any CPU.Build.0 = Release|Any CPU
		{4ABCB26D-4CE3-4F6D-83CD-4B8B66B9A296}.Debug|Any CPU.ActiveCfg = Debug|Any CPU
		{4ABCB26D-4CE3-4F6D-83CD-4B8B66B9A296}.Debug|Any CPU.Build.0 = Debug|Any CPU
		{4ABCB26D-4CE3-4F6D-83CD-4B8B66B9A296}.Release|Any CPU.ActiveCfg = Release|Any CPU
		{4ABCB26D-4CE3-4F6D-83CD-4B8B66B9A296}.Release|Any CPU.Build.0 = Release|Any CPU
	EndGlobalSection
	GlobalSection(SolutionProperties) = preSolution
		HideSolutionNode = FALSE
	EndGlobalSection
	GlobalSection(NestedProjects) = preSolution
		{CE8897DF-32CF-435B-A8DD-9DCADBFE9B00} = {32FAE83A-B602-430A-A520-7EE40CCCF372}
		{3F79C2B7-A578-4A4F-937E-2F105A3065E1} = {32FAE83A-B602-430A-A520-7EE40CCCF372}
		{89208FAA-136A-42FA-9F93-9C7818C8F0F5} = {32FAE83A-B602-430A-A520-7EE40CCCF372}
		{4ABCB26D-4CE3-4F6D-83CD-4B8B66B9A296} = {32FAE83A-B602-430A-A520-7EE40CCCF372}
	EndGlobalSection
	GlobalSection(ExtensibilityGlobals) = postSolution
		SolutionGuid = {1D746260-47FF-414C-9A2A-089E27688105}
	EndGlobalSection
EndGlobal
